{
  "lockfileVersion": 1,
  "configVersion": 1,
  "workspaces": {
    "": {
      "name": "tokempic",
      "dependencies": {
        "eta": "^3.4.0",
        "fhirpath": "^3.10.5",
      },
      "devDependencies": {
        "bun-types": "latest",
      },
    },
  },
  "packages": {
    "@lhncbc/ucum-lhc": ["@lhncbc/ucum-lhc@5.0.4", "", { "dependencies": { "coffeescript": "^2.7.0", "csv-parse": "^4.4.6", "csv-stringify": "^1.0.4", "escape-html": "^1.0.3", "is-integer": "^1.0.6", "jsonfile": "^2.2.3", "stream": "0.0.2", "stream-transform": "^0.1.1", "string-to-stream": "^1.1.0", "xmldoc": "^0.4.0" } }, "sha512-khuV9GV51DF80b0wJmhZTR5Bf23fhS6SSIWnyGT9X+Uvn0FsHFl2LKViQ2TTOuvwagUOUSq8/0SyoE2ZDGwrAA=="],

    "@types/node": ["@types/node@26.0.1", "", { "dependencies": { "undici-types": "~8.3.0" } }, "sha512-fc3KiUoBt6kie0N9bIW3E47vZsuaMf0PM2AaUpLCLT0s/LvX1nxAim6Fc049cNxODPpGm6qRAuUOB86SkRuPQw=="],

    "antlr4": ["antlr4@4.9.3", "", {}, "sha512-qNy2odgsa0skmNMCuxzXhM4M8J1YDaPv3TI+vCdnOAanu0N982wBrSqziDKRDctEZLZy9VffqIZXc0UGjjSP/g=="],

    "argparse": ["argparse@1.0.10", "", { "dependencies": { "sprintf-js": "~1.0.2" } }, "sha512-o5Roy6tNG4SL/FOkCAN6RzjiakZS25RLYFrcMttJqbdd8BWrnA+fGz57iN5Pb06pvBGvl5gQ0B48dJlslXvoTg=="],

    "bun-types": ["bun-types@1.3.14", "", { "dependencies": { "@types/node": "*" } }, "sha512-4N0ig0fEomHt5R0KCFWjovxow98rIoRwKolrYdCcknNwMekCXRnWEUvgu5soYV8QXtVsrUD8B95MBOZGPvr6KQ=="],

    "coffeescript": ["coffeescript@2.7.0", "", { "bin": { "coffee": "bin/coffee", "cake": "bin/cake" } }, "sha512-hzWp6TUE2d/jCcN67LrW1eh5b/rSDKQK6oD6VMLlggYVUUFexgTH9z3dNYihzX4RMhze5FTUsUmOXViJKFQR/A=="],

    "commander": ["commander@2.20.3", "", {}, "sha512-GpVkmM8vF2vQUkj2LvZmD35JxeJOLCwJ9cUkugyk2nuhbv3+mJvpLYYt+0+USMxE+oj+ey/lJEnhZw75x/OMcQ=="],

    "core-util-is": ["core-util-is@1.0.3", "", {}, "sha512-ZQBvi1DcpJ4GDqanjucZ2Hj3wEO5pZDS89BWbkcrvdxksJorwUDDZamX9ldFkp9aw2lmBDLgkObEA4DWNJ9FYQ=="],

    "csv-parse": ["csv-parse@4.16.3", "", {}, "sha512-cO1I/zmz4w2dcKHVvpCr7JVRu8/FymG5OEpmvsZYlccYolPBLoVGKUHgNoc4ZGkFeFlWGEDmMyBM+TTqRdW/wg=="],

    "csv-stringify": ["csv-stringify@1.1.2", "", { "dependencies": { "lodash.get": "~4.4.2" } }, "sha512-3NmNhhd+AkYs5YtM1GEh01VR6PKj6qch2ayfQaltx5xpcAdThjnbbI5eT8CzRVpXfGKAxnmrSYLsNl/4f3eWiw=="],

    "date-fns": ["date-fns@1.30.1", "", {}, "sha512-hBSVCvSmWC+QypYObzwGOd9wqdDpOt+0wl0KbU+R+uuZBS1jN8VsD1ss3irQDknRj5NvxiTF6oj/nDRnN/UQNw=="],

    "emitter-component": ["emitter-component@1.1.2", "", {}, "sha512-QdXO3nXOzZB4pAjM0n6ZE+R9/+kPpECA/XSELIcc54NeYVnBqIk+4DFiBgK+8QbV3mdvTG6nedl7dTYgO+5wDw=="],

    "escape-html": ["escape-html@1.0.3", "", {}, "sha512-NiSupZ4OeuGwr68lGIeym/ksIZMJodUGOSCZ/FSnTxcrekbvqrgdUxlJOMpijaKZVjAJrWrGs/6Jy8OMuyj9ow=="],

    "esprima": ["esprima@4.0.1", "", { "bin": { "esparse": "./bin/esparse.js", "esvalidate": "./bin/esvalidate.js" } }, "sha512-eGuFFw7Upda+g4p+QHvnW0RyTX/SVeJBDM/gCtMARO0cLuT2HcEKnTPvhjV6aGeqrCB/sbNop0Kszm0jsaWU4A=="],

    "eta": ["eta@3.5.0", "", {}, "sha512-e3x3FBvGzeCIHhF+zhK8FZA2vC5uFn6b4HJjegUbIWrDb4mJ7JjTGMJY9VGIbRVpmSwHopNiaJibhjIr+HfLug=="],

    "fhirpath": ["fhirpath@3.18.0", "", { "dependencies": { "@lhncbc/ucum-lhc": "^5.0.0", "antlr4": "~4.9.3", "commander": "^2.18.0", "date-fns": "^1.30.1", "js-yaml": "^3.13.1" }, "bin": { "fhirpath": "bin/fhirpath" } }, "sha512-iZ876rFWhozQLO/hTgFoEH9t9r1WHJqd4tRH6Gg/FiB6zliyK+bL7xKO5CzgkWBpvvBWe4sqe60tC+8opR0d0Q=="],

    "graceful-fs": ["graceful-fs@4.2.11", "", {}, "sha512-RbJ5/jmFcNNCcDV5o9eTnBLJ/HszWV0P73bc+Ff4nS/rJj+YaS6IGyiOL0VoBYX+l1Wrl3k63h/KrH+nhJ0XvQ=="],

    "inherits": ["inherits@2.0.4", "", {}, "sha512-k/vGaX4/Yla3WzyMCvTQOXYeIHvqOKtnqBduzTHpzpQZzAskKMhZ2K+EnBiSM9zGSoIFeMpXKxa4dYeZIQqewQ=="],

    "is-finite": ["is-finite@1.1.0", "", {}, "sha512-cdyMtqX/BOqqNBBiKlIVkytNHm49MtMlYyn1zxzvJKWmFMlGzm+ry5BBfYyeY9YmNKbRSo/o7OX9w9ale0wg3w=="],

    "is-integer": ["is-integer@1.0.7", "", { "dependencies": { "is-finite": "^1.0.0" } }, "sha512-RPQc/s9yBHSvpi+hs9dYiJ2cuFeU6x3TyyIp8O2H6SKEltIvJOzRj9ToyvcStDvPR/pS4rxgr1oBFajQjZ2Szg=="],

    "isarray": ["isarray@1.0.0", "", {}, "sha512-VLghIWNM6ELQzo7zwmcg0NmTVyWKYjvIeM83yjp0wRDTmUnrM678fQbcKBo6n2CJEF0szoG//ytg+TKla89ALQ=="],

    "js-yaml": ["js-yaml@3.14.2", "", { "dependencies": { "argparse": "^1.0.7", "esprima": "^4.0.0" }, "bin": { "js-yaml": "bin/js-yaml.js" } }, "sha512-PMSmkqxr106Xa156c2M265Z+FTrPl+oxd/rgOQy2tijQeK5TxQ43psO1ZCwhVOSdnn+RzkzlRz/eY4BgJBYVpg=="],

    "jsonfile": ["jsonfile@2.4.0", "", { "optionalDependencies": { "graceful-fs": "^4.1.6" } }, "sha512-PKllAqbgLgxHaj8TElYymKCAgrASebJrWpTnEkOaTowt23VKXXN0sUeriJ+eh7y6ufb/CC5ap11pz71/cM0hUw=="],

    "lodash.get": ["lodash.get@4.4.2", "", {}, "sha512-z+Uw/vLuy6gQe8cfaFWD7p0wVv8fJl3mbzXh33RS+0oW2wvUqiRXiQ69gLWSLpgB5/6sU+r6BlQR0MBILadqTQ=="],

    "process-nextick-args": ["process-nextick-args@2.0.1", "", {}, "sha512-3ouUOpQhtgrbOa17J7+uxOTpITYWaGP7/AhoR3+A+/1e9skrzelGi/dXzEYyvbxubEF6Wn2ypscTKiKJFFn1ag=="],

    "readable-stream": ["readable-stream@2.3.8", "", { "dependencies": { "core-util-is": "~1.0.0", "inherits": "~2.0.3", "isarray": "~1.0.0", "process-nextick-args": "~2.0.0", "safe-buffer": "~5.1.1", "string_decoder": "~1.1.1", "util-deprecate": "~1.0.1" } }, "sha512-8p0AUk4XODgIewSi0l8Epjs+EVnWiK7NoDIEGU0HhE7+ZyY8D1IMY7odu5lRrFXGg71L15KG8QrPmum45RTtdA=="],

    "safe-buffer": ["safe-buffer@5.1.2", "", {}, "sha512-Gd2UZBJDkXlY7GbJxfsE8/nvKkUEU1G38c1siN6QP6a9PT9MmHB8GnpscSmMJSoF8LOIrt8ud/wPtojys4G6+g=="],

    "sax": ["sax@1.1.6", "", {}, "sha512-8zci48uUQyfqynGDSkUMD7FCJB96hwLnlZOXlgs1l3TX+LW27t3psSWKUxC0fxVgA86i8tL4NwGcY1h/6t3ESg=="],

    "sprintf-js": ["sprintf-js@1.0.3", "", {}, "sha512-D9cPgkvLlV3t3IzL0D0YLvGA9Ahk4PcvVwUbN0dSGr1aP0Nrt4AEnTUbuGvquEC0mA64Gqt1fzirlRs5ibXx8g=="],

    "stream": ["stream@0.0.2", "", { "dependencies": { "emitter-component": "^1.1.1" } }, "sha512-gCq3NDI2P35B2n6t76YJuOp7d6cN/C7Rt0577l91wllh0sY9ZBuw9KaSGqH/b0hzn3CWWJbpbW0W0WvQ1H/Q7g=="],

    "stream-transform": ["stream-transform@0.1.2", "", {}, "sha512-3HXId/0W8sktQnQM6rOZf2LuDDMbakMgAjpViLk758/h0br+iGqZFFfUxxJSqEvGvT742PyFr4v/TBXUtowdCg=="],

    "string-to-stream": ["string-to-stream@1.1.1", "", { "dependencies": { "inherits": "^2.0.1", "readable-stream": "^2.1.0" } }, "sha512-QySF2+3Rwq0SdO3s7BAp4x+c3qsClpPQ6abAmb0DGViiSBAkT5kL6JT2iyzEVP+T1SmzHrQD1TwlP9QAHCc+Sw=="],

    "string_decoder": ["string_decoder@1.1.1", "", { "dependencies": { "safe-buffer": "~5.1.0" } }, "sha512-n/ShnvDi6FHbbVfviro+WojiFzv+s8MPMHBczVePfUpDJLwoLT0ht1l4YwBCbi8pJAveEEdnkHyPyTP/mzRfwg=="],

    "undici-types": ["undici-types@8.3.0", "", {}, "sha512-j375ScV60dom+YkPFIfTLcOiPxkN/buHz5GobjLhixFuANaNs3C9l4GmrWqejgXWJ7BbJcFYpTEUkS1Ge8bpZQ=="],

    "util-deprecate": ["util-deprecate@1.0.2", "", {}, "sha512-EPD5q1uXyFxJpCrLnCc1nHnq3gOa6DZBocAIiI2TaSCA7VCJ1UJDMagCzIkXNsUYfD1daK//LTEQ8xiIbrHtcw=="],

    "xmldoc": ["xmldoc@0.4.0", "", { "dependencies": { "sax": "~1.1.1" } }, "sha512-rJ/+/UzYCSlFNuAzGuRyYgkH2G5agdX1UQn4+5siYw9pkNC3Hu/grYNDx/dqYLreeSjnY5oKg74CMBKxJHSg6Q=="],
  }
}
